
Microsoft Visual Studio Solution File, Format Version 12.00
# Visual Studio 14
VisualStudioVersion = 14.0.24720.0
MinimumVisualStudioVersion = 10.0.40219.1
Project("{FAE04EC0-301F-11D3-BF4B-00C04F79EFBC}") = "FootballManager", "FootballManager\FootballManager.csproj", "{36DC4021-1615-4673-B039-CB53A7956BF0}"
EndProject
Project("{FAE04EC0-301F-11D3-BF4B-00C04F79EFBC}") = "FootballManager.Data", "FootballManager.Data\FootballManager.Data.csproj", "{CF419D0F-52C4-47FD-91B3-67823D58E41B}"
EndProject
Project("{FAE04EC0-301F-11D3-BF4B-00C04F79EFBC}") = "FootballManager.Domain", "FootballManager.Domain\FootballManager.Domain.csproj", "{B441BD5B-6BC4-4062-90A7-4D6EA5AD6D90}"
EndProject
Project("{FAE04EC0-301F-11D3-BF4B-00C04F79EFBC}") = "FootballManager.Service", "FootballManager.Service\FootballManager.Service.csproj", "{B1F05D96-093F-4537-9F80-A43EAAC7FACD}"
EndProject
Project("{FAE04EC0-301F-11D3-BF4B-00C04F79EFBC}") = "FootballManager.Common", "FootballManager.Common\FootballManager.Common.csproj", "{BDC538DF-689D-4870-8DDB-0D6A994C3B34}"
EndProject
Project("{FAE04EC0-301F-11D3-BF4B-00C04F79EFBC}") = "UnitTesting", "UnitTesting\UnitTesting.csproj", "{F8356750-1107-4758-A924-12934A8D12B3}"
EndProject
Global
	GlobalSection(SolutionConfigurationPlatforms) = preSolution
		Debug|Any CPU = Debug|Any CPU
		Release|Any CPU = Release|Any CPU
	EndGlobalSection
	GlobalSection(ProjectConfigurationPlatforms) = postSolution
		{36DC4021-1615-4673-B039-CB53A7956BF0}.Debug|Any CPU.ActiveCfg = Debug|Any CPU
		{36DC4021-1615-4673-B039-CB53A7956BF0}.Debug|Any CPU.Build.0 = Debug|Any CPU
		{36DC4021-1615-4673-B039-CB53A7956BF0}.Release|Any CPU.ActiveCfg = Release|Any CPU
		{36DC4021-1615-4673-B039-CB53A7956BF0}.Release|Any CPU.Build.0 = Release|Any CPU
		{CF419D0F-52C4-47FD-91B3-67823D58E41B}.Debug|Any CPU.ActiveCfg = Debug|Any CPU
		{CF419D0F-52C4-47FD-91B3-67823D58E41B}.Debug|Any CPU.Build.0 = Debug|Any CPU
		{CF419D0F-52C4-47FD-91B3-67823D58E41B}.Release|Any CPU.ActiveCfg = Release|Any CPU
		{CF419D0F-52C4-47FD-91B3-67823D58E41B}.Release|Any CPU.Build.0 = Release|Any CPU
		{B441BD5B-6BC4-4062-90A7-4D6EA5AD6D90}.Debug|Any CPU.ActiveCfg = Debug|Any CPU
		{B441BD5B-6BC4-4062-90A7-4D6EA5AD6D90}.Debug|Any CPU.Build.0 = Debug|Any CPU
		{B441BD5B-6BC4-4062-90A7-4D6EA5AD6D90}.Release|Any CPU.ActiveCfg = Release|Any CPU
		{B441BD5B-6BC4-4062-90A7-4D6EA5AD6D90}.Release|Any CPU.Build.0 = Release|Any CPU
		{B1F05D96-093F-4537-9F80-A43EAAC7FACD}.Debug|Any CPU.ActiveCfg = Debug|Any CPU
		{B1F05D96-093F-4537-9F80-A43EAAC7FACD}.Debug|Any CPU.Build.0 = Debug|Any CPU
		{B1F05D96-093F-4537-9F80-A43EAAC7FACD}.Release|Any CPU.ActiveCfg = Release|Any CPU
		{B1F05D96-093F-4537-9F80-A43EAAC7FACD}.Release|Any CPU.Build.0 = Release|Any CPU
		{BDC538DF-689D-4870-8DDB-0D6A994C3B34}.Debug|Any CPU.ActiveCfg = Debug|Any CPU
		{BDC538DF-689D-4870-8DDB-0D6A994C3B34}.Debug|Any CPU.Build.0 = Debug|Any CPU
		{BDC538DF-689D-4870-8DDB-0D6A994C3B34}.Release|Any CPU.ActiveCfg = Release|Any CPU
		{BDC538DF-689D-4870-8DDB-0D6A994C3B34}.Release|Any CPU.Build.0 = Release|Any CPU
		{F8356750-1107-4758-A924-12934A8D12B3}.Debug|Any CPU.ActiveCfg = Debug|Any CPU
		{F8356750-1107-4758-A924-12934A8D12B3}.Debug|Any CPU.Build.0 = Debug|Any CPU
		{F8356750-1107-4758-A924-12934A8D12B3}.Release|Any CPU.ActiveCfg = Release|Any CPU
		{F8356750-1107-4758-A924-12934A8D12B3}.Release|Any CPU.Build.0 = Release|Any CPU
	EndGlobalSection
	GlobalSection(SolutionProperties) = preSolution
		HideSolutionNode = FALSE
	EndGlobalSection
EndGlobal
